{
  "name": "tamtri",
  "version": "0.1.0",
  "lockfileVersion": 3,
  "requires": true,
  "packages": {
    "": {
      "name": "tamtri",
      "version": "0.1.0",
      "license": "AGPL-3.0-or-later",
      "workspaces": [
        "packages/protocol",
        "packages/client",
        "packages/relay",
        "packages/app",
        "packages/desktop"
      ],
      "devDependencies": {
        "typescript": "^5.8.3"
      }
    },
    "node_modules/@tamtri/app": {
      "resolved": "packages/app",
      "link": true
    },
    "node_modules/@tamtri/client": {
      "resolved": "packages/client",
      "link": true
    },
    "node_modules/@tamtri/desktop": {
      "resolved": "packages/desktop",
      "link": true
    },
    "node_modules/@tamtri/protocol": {
      "resolved": "packages/protocol",
      "link": true
    },
    "node_modules/@tamtri/relay": {
      "resolved": "packages/relay",
      "link": true
    },
    "node_modules/typescript": {
      "version": "5.9.3",
      "resolved": "https://registry.npmjs.org/typescript/-/typescript-5.9.3.tgz",
      "integrity": "sha512-jl1vZzPDinLr9eUt3J/t7V6FgNEw9QjvBPdysz9KfQDD41fQrC2Y4vKQdiaUpFT4bXlb1RHhLpp8wtm6M5TgSw==",
      "dev": true,
      "license": "Apache-2.0",
      "bin": {
        "tsc": "bin/tsc",
        "tsserver": "bin/tsserver"
      },
      "engines": {
        "node": ">=14.17"
      }
    },
    "packages/app": {
      "name": "@tamtri/app",
      "version": "0.1.0",
      "dependencies": {
        "@tamtri/client": "*",
        "@tamtri/protocol": "*"
      }
    },
    "packages/client": {
      "name": "@tamtri/client",
      "version": "0.1.0",
      "dependencies": {
        "@tamtri/protocol": "*",
        "@tamtri/relay": "*"
      },
      "devDependencies": {
        "typescript": "^5.8.3"
      }
    },
    "packages/desktop": {
      "name": "@tamtri/desktop",
      "version": "0.1.0",
      "dependencies": {
        "@tamtri/client": "*"
      },
      "devDependencies": {
        "typescript": "^5.8.3"
      }
    },
    "packages/protocol": {
      "name": "@tamtri/protocol",
      "version": "0.1.0",
      "devDependencies": {
        "typescript": "^5.8.3"
      }
    },
    "packages/relay": {
      "name": "@tamtri/relay",
      "version": "0.1.0",
      "devDependencies": {
        "typescript": "^5.8.3"
      }
    }
  }
}
